
Microsoft Visual Studio Solution File, Format Version 12.00
# Visual Studio 15
VisualStudioVersion = 15.0.27004.2008
MinimumVisualStudioVersion = 10.0.40219.1
Project("{FAE04EC0-301F-11D3-BF4B-00C04F79EFBC}") = "SeleniumLW4", "SeleniumWebDriver_lw4\SeleniumLW4.csproj", "{4A4FF978-12C3-4D21-9F46-00EB4FE5D41E}"
EndProject
Global
	GlobalSection(SolutionConfigurationPlatforms) = preSolution
		Debug|Any CPU = Debug|Any CPU
		Release|Any CPU = Release|Any CPU
	EndGlobalSection
	GlobalSection(ProjectConfigurationPlatforms) = postSolution
		{4A4FF978-12C3-4D21-9F46-00EB4FE5D41E}.Debug|Any CPU.ActiveCfg = Debug|Any CPU
		{4A4FF978-12C3-4D21-9F46-00EB4FE5D41E}.Debug|Any CPU.Build.0 = Debug|Any CPU
		{4A4FF978-12C3-4D21-9F46-00EB4FE5D41E}.Release|Any CPU.ActiveCfg = Release|Any CPU
		{4A4FF978-12C3-4D21-9F46-00EB4FE5D41E}.Release|Any CPU.Build.0 = Release|Any CPU
	EndGlobalSection
	GlobalSection(SolutionProperties) = preSolution
		HideSolutionNode = FALSE
	EndGlobalSection
	GlobalSection(ExtensibilityGlobals) = postSolution
		SolutionGuid = {C1B02AC7-EE63-4C97-AB71-8E0704534450}
	EndGlobalSection
EndGlobal
